
Microsoft Visual Studio Solution File, Format Version 12.00
# Visual Studio Version 16
VisualStudioVersion = 16.0.30011.22
MinimumVisualStudioVersion = 10.0.40219.1
Project("{FAE04EC0-301F-11D3-BF4B-00C04F79EFBC}") = "ReservaFrontend", "ReservaFrontend\ReservaFrontend.csproj", "{0FCDA2D4-DD29-4CD7-A1B0-20D0D65EADF3}"
EndProject
Project("{FAE04EC0-301F-11D3-BF4B-00C04F79EFBC}") = "ReservasBackend", "ReservasBackend\ReservasBackend.csproj", "{C952EF80-A695-478E-8155-D217002D673B}"
EndProject
Global
	GlobalSection(SolutionConfigurationPlatforms) = preSolution
		Debug|Any CPU = Debug|Any CPU
		Release|Any CPU = Release|Any CPU
	EndGlobalSection
	GlobalSection(ProjectConfigurationPlatforms) = postSolution
		{0FCDA2D4-DD29-4CD7-A1B0-20D0D65EADF3}.Debug|Any CPU.ActiveCfg = Debug|Any CPU
		{0FCDA2D4-DD29-4CD7-A1B0-20D0D65EADF3}.Debug|Any CPU.Build.0 = Debug|Any CPU
		{0FCDA2D4-DD29-4CD7-A1B0-20D0D65EADF3}.Release|Any CPU.ActiveCfg = Release|Any CPU
		{0FCDA2D4-DD29-4CD7-A1B0-20D0D65EADF3}.Release|Any CPU.Build.0 = Release|Any CPU
		{C952EF80-A695-478E-8155-D217002D673B}.Debug|Any CPU.ActiveCfg = Debug|Any CPU
		{C952EF80-A695-478E-8155-D217002D673B}.Debug|Any CPU.Build.0 = Debug|Any CPU
		{C952EF80-A695-478E-8155-D217002D673B}.Release|Any CPU.ActiveCfg = Release|Any CPU
		{C952EF80-A695-478E-8155-D217002D673B}.Release|Any CPU.Build.0 = Release|Any CPU
	EndGlobalSection
	GlobalSection(SolutionProperties) = preSolution
		HideSolutionNode = FALSE
	EndGlobalSection
	GlobalSection(ExtensibilityGlobals) = postSolution
		SolutionGuid = {C9F2A4F4-2C6D-48DD-98C6-24F9E70CBEB8}
	EndGlobalSection
EndGlobal
